
Microsoft Visual Studio Solution File, Format Version 12.00
# Visual Studio Version 16
VisualStudioVersion = 16.0.30413.136
MinimumVisualStudioVersion = 10.0.40219.1
Project("{9A19103F-16F7-4668-BE54-9A1E7A4F7556}") = "SlavesMPEI.Web", "SlavesMPEI.Web\SlavesMPEI.Web.csproj", "{2192EA08-B320-43DE-8352-652A1199B010}"
EndProject
Project("{9A19103F-16F7-4668-BE54-9A1E7A4F7556}") = "SlavesMPEI.Domain", "SlavesMPEI.Domain\SlavesMPEI.Domain.csproj", "{353050EC-FA44-4EC7-B3CE-FAAE14AD0A18}"
EndProject
Project("{FAE04EC0-301F-11D3-BF4B-00C04F79EFBC}") = "SlavesMPEI.Infrastructure", "SlavesMPEI.Infrastructure\SlavesMPEI.Infrastructure.csproj", "{39E6D4C6-1C97-431A-A698-215A785DEA99}"
EndProject
Global
	GlobalSection(SolutionConfigurationPlatforms) = preSolution
		Debug|Any CPU = Debug|Any CPU
		Release|Any CPU = Release|Any CPU
	EndGlobalSection
	GlobalSection(ProjectConfigurationPlatforms) = postSolution
		{2192EA08-B320-43DE-8352-652A1199B010}.Debug|Any CPU.ActiveCfg = Debug|Any CPU
		{2192EA08-B320-43DE-8352-652A1199B010}.Debug|Any CPU.Build.0 = Debug|Any CPU
		{2192EA08-B320-43DE-8352-652A1199B010}.Release|Any CPU.ActiveCfg = Release|Any CPU
		{2192EA08-B320-43DE-8352-652A1199B010}.Release|Any CPU.Build.0 = Release|Any CPU
		{353050EC-FA44-4EC7-B3CE-FAAE14AD0A18}.Debug|Any CPU.ActiveCfg = Debug|Any CPU
		{353050EC-FA44-4EC7-B3CE-FAAE14AD0A18}.Debug|Any CPU.Build.0 = Debug|Any CPU
		{353050EC-FA44-4EC7-B3CE-FAAE14AD0A18}.Release|Any CPU.ActiveCfg = Release|Any CPU
		{353050EC-FA44-4EC7-B3CE-FAAE14AD0A18}.Release|Any CPU.Build.0 = Release|Any CPU
		{39E6D4C6-1C97-431A-A698-215A785DEA99}.Debug|Any CPU.ActiveCfg = Debug|Any CPU
		{39E6D4C6-1C97-431A-A698-215A785DEA99}.Debug|Any CPU.Build.0 = Debug|Any CPU
		{39E6D4C6-1C97-431A-A698-215A785DEA99}.Release|Any CPU.ActiveCfg = Release|Any CPU
		{39E6D4C6-1C97-431A-A698-215A785DEA99}.Release|Any CPU.Build.0 = Release|Any CPU
	EndGlobalSection
	GlobalSection(SolutionProperties) = preSolution
		HideSolutionNode = FALSE
	EndGlobalSection
	GlobalSection(ExtensibilityGlobals) = postSolution
		SolutionGuid = {48FEF2B3-65CF-409A-AEC3-2011061C5A5C}
	EndGlobalSection
EndGlobal
